{
    "_readme": [
        "This file locks the dependencies of your project to a known state",
        "Read more about it at https://getcomposer.org/doc/01-basic-usage.md#installing-dependencies",
        "This file is @generated automatically"
    ],
    "content-hash": "89fce09870cd51491b8a11b132cbcd52",
    "packages": [
        {
            "name": "mqlo/nameable",
            "version": "v2.1.0",
            "source": {
                "type": "git",
                "url": "https://github.com/mqlo/nameable.git",
                "reference": "45c951dfa715bbcb0e8a1bc512b38d361fa47a64"
            },
            "dist": {
                "type": "zip",
                "url": "https://api.github.com/repos/mqlo/nameable/zipball/45c951dfa715bbcb0e8a1bc512b38d361fa47a64",
                "reference": "45c951dfa715bbcb0e8a1bc512b38d361fa47a64",
                "shasum": ""
            },
            "require": {
                "ext-json": "*",
                "php": "^7.4"
            },
            "type": "library",
            "autoload": {
                "psr-4": {
                    "Mqlo\\Nameable\\": "/src"
                }
            },
            "notification-url": "https://packagist.org/downloads/",
            "license": [
                "BSD-3-Clause"
            ],
            "authors": [
                {
                    "name": "MQLO",
                    "email": "mqlo@test.test"
                }
            ],
            "description": "My first package",
            "time": "2020-10-08T09:08:00+00:00"
        }
    ],
    "packages-dev": [],
    "aliases": [],
    "minimum-stability": "stable",
    "stability-flags": [],
    "prefer-stable": false,
    "prefer-lowest": false,
    "platform": {
        "php": "^7.4",
        "ext-json": "*"
    },
    "platform-dev": []
}
